# This file is automatically @generated by Poetry 1.7.0 and should not be changed by hand.

[[package]]
name = "pigpio"
version = "1.78"
description = "Raspberry Pi GPIO module"
optional = false
python-versions = "*"
files = [
    {file = "pigpio-1.78-py2.py3-none-any.whl", hash = "sha256:81e46f640c4e6342881fa9bbe290dbcd4fc179619dc6591e57a9d4a084dc49fa"},
    {file = "pigpio-1.78.tar.gz", hash = "sha256:91efa50e4990649da97408a384782d6ccf58342fc59cdfe21ed7a42911569975"},
]

[metadata]
lock-version = "2.0"
python-versions = "^3.12"
content-hash = "40e002e87837f1c8f861e5024918201f626a3b97558c60961a9e8fef8dfedb88"
